
Microsoft Visual Studio Solution File, Format Version 12.00
# Visual Studio Version 17
VisualStudioVersion = 17.11.35222.181
MinimumVisualStudioVersion = 10.0.40219.1
Project("{FAE04EC0-301F-11D3-BF4B-00C04F79EFBC}") = "Week6StringsAndArrays", "Week6StringsAndArrays\Week6StringsAndArrays.csproj", "{21B24E80-9EF5-415C-91AB-4022D30DCB69}"
EndProject
Project("{FAE04EC0-301F-11D3-BF4B-00C04F79EFBC}") = "Arrays", "Arrays\Arrays.csproj", "{72E92BFB-BF06-4031-9730-2695B50AB274}"
EndProject
Project("{FAE04EC0-301F-11D3-BF4B-00C04F79EFBC}") = "NumberArrays", "NumberArrays\NumberArrays.csproj", "{2B31F688-0F37-4AC1-A9B7-9E13A2983476}"
EndProject
Project("{FAE04EC0-301F-11D3-BF4B-00C04F79EFBC}") = "RandomElement", "RandomElement\RandomElement.csproj", "{54551775-E4DF-4C2B-B447-C7239FC5BF9B}"
EndProject
Global
	GlobalSection(SolutionConfigurationPlatforms) = preSolution
		Debug|Any CPU = Debug|Any CPU
		Release|Any CPU = Release|Any CPU
	EndGlobalSection
	GlobalSection(ProjectConfigurationPlatforms) = postSolution
		{21B24E80-9EF5-415C-91AB-4022D30DCB69}.Debug|Any CPU.ActiveCfg = Debug|Any CPU
		{21B24E80-9EF5-415C-91AB-4022D30DCB69}.Debug|Any CPU.Build.0 = Debug|Any CPU
		{21B24E80-9EF5-415C-91AB-4022D30DCB69}.Release|Any CPU.ActiveCfg = Release|Any CPU
		{21B24E80-9EF5-415C-91AB-4022D30DCB69}.Release|Any CPU.Build.0 = Release|Any CPU
		{72E92BFB-BF06-4031-9730-2695B50AB274}.Debug|Any CPU.ActiveCfg = Debug|Any CPU
		{72E92BFB-BF06-4031-9730-2695B50AB274}.Debug|Any CPU.Build.0 = Debug|Any CPU
		{72E92BFB-BF06-4031-9730-2695B50AB274}.Release|Any CPU.ActiveCfg = Release|Any CPU
		{72E92BFB-BF06-4031-9730-2695B50AB274}.Release|Any CPU.Build.0 = Release|Any CPU
		{2B31F688-0F37-4AC1-A9B7-9E13A2983476}.Debug|Any CPU.ActiveCfg = Debug|Any CPU
		{2B31F688-0F37-4AC1-A9B7-9E13A2983476}.Debug|Any CPU.Build.0 = Debug|Any CPU
		{2B31F688-0F37-4AC1-A9B7-9E13A2983476}.Release|Any CPU.ActiveCfg = Release|Any CPU
		{2B31F688-0F37-4AC1-A9B7-9E13A2983476}.Release|Any CPU.Build.0 = Release|Any CPU
		{54551775-E4DF-4C2B-B447-C7239FC5BF9B}.Debug|Any CPU.ActiveCfg = Debug|Any CPU
		{54551775-E4DF-4C2B-B447-C7239FC5BF9B}.Debug|Any CPU.Build.0 = Debug|Any CPU
		{54551775-E4DF-4C2B-B447-C7239FC5BF9B}.Release|Any CPU.ActiveCfg = Release|Any CPU
		{54551775-E4DF-4C2B-B447-C7239FC5BF9B}.Release|Any CPU.Build.0 = Release|Any CPU
	EndGlobalSection
	GlobalSection(SolutionProperties) = preSolution
		HideSolutionNode = FALSE
	EndGlobalSection
	GlobalSection(ExtensibilityGlobals) = postSolution
		SolutionGuid = {1782DA01-8903-4D6F-984F-21F27C7708BC}
	EndGlobalSection
EndGlobal
